
Microsoft Visual Studio Solution File, Format Version 12.00
# Visual Studio 15
VisualStudioVersion = 15.0.27130.2010
MinimumVisualStudioVersion = 10.0.40219.1
Project("{FAE04EC0-301F-11D3-BF4B-00C04F79EFBC}") = "AzurePushNotificationSample.Android", "AzurePushNotificationSample.Android\AzurePushNotificationSample.Android.csproj", "{81FBC96F-CA10-4D03-B76A-C94E7A87F844}"
EndProject
Project("{FAE04EC0-301F-11D3-BF4B-00C04F79EFBC}") = "AzurePushNotificationSample.iOS", "AzurePushNotificationSample.iOS\AzurePushNotificationSample.iOS.csproj", "{3834014E-65E6-4B5A-9792-4718E3E7DFD1}"
EndProject
Project("{9A19103F-16F7-4668-BE54-9A1E7A4F7556}") = "AzurePushNotificationSample", "AzurePushNotificationSample\AzurePushNotificationSample.csproj", "{D752C30D-5472-46DE-8256-E959BFF373FD}"
EndProject
Project("{2150E333-8FDC-42A3-9474-1A3956D46DE8}") = "Core", "Core", "{9B057716-68A1-432E-B3A6-C0EFF9BA80E3}"
EndProject
Project("{9A19103F-16F7-4668-BE54-9A1E7A4F7556}") = "Plugin.AzurePushNotification", "..\..\src\Plugin.AzurePushNotification\Plugin.AzurePushNotification.csproj", "{AA379A8A-9BA7-4755-A0B8-176F610C554C}"
EndProject
Project("{9A19103F-16F7-4668-BE54-9A1E7A4F7556}") = "Plugin.AzurePushNotification.Abstractions", "..\..\src\Plugin.AzurePushNotification.Abstractions\Plugin.AzurePushNotification.Abstractions.csproj", "{16DB1C69-3A29-4898-B732-958345D832F5}"
EndProject
Project("{FAE04EC0-301F-11D3-BF4B-00C04F79EFBC}") = "Plugin.AzurePushNotification.Android", "..\..\src\Plugin.AzurePushNotification.Android\Plugin.AzurePushNotification.Android.csproj", "{56A56F17-7DE1-4CA1-9617-BF32E971AC84}"
EndProject
Project("{FAE04EC0-301F-11D3-BF4B-00C04F79EFBC}") = "Plugin.AzurePushNotification.iOS", "..\..\src\Plugin.AzurePushNotification.iOS\Plugin.AzurePushNotification.iOS.csproj", "{2882AEEB-D4CD-4EB9-8A6C-6653B33681F0}"
EndProject
Project("{D954291E-2A0B-460D-934E-DC6B0785DB48}") = "Plugin.AzurePushNotification.Shared", "..\..\src\Plugin.AzurePushNotification.Shared\Plugin.AzurePushNotification.Shared.shproj", "{F5E12F00-CDC7-4AB9-8BCE-E0CE94981773}"
EndProject
Global
	GlobalSection(SharedMSBuildProjectFiles) = preSolution
		..\..\src\Plugin.AzurePushNotification.Shared\Plugin.AzurePushNotification.Shared.projitems*{2882aeeb-d4cd-4eb9-8a6c-6653b33681f0}*SharedItemsImports = 4
		..\..\src\Plugin.AzurePushNotification.Shared\Plugin.AzurePushNotification.Shared.projitems*{56a56f17-7de1-4ca1-9617-bf32e971ac84}*SharedItemsImports = 4
		..\..\src\Plugin.AzurePushNotification.Shared\Plugin.AzurePushNotification.Shared.projitems*{f5e12f00-cdc7-4ab9-8bce-e0ce94981773}*SharedItemsImports = 13
	EndGlobalSection
	GlobalSection(SolutionConfigurationPlatforms) = preSolution
		Ad-Hoc|Any CPU = Ad-Hoc|Any CPU
		Ad-Hoc|ARM = Ad-Hoc|ARM
		Ad-Hoc|iPhone = Ad-Hoc|iPhone
		Ad-Hoc|iPhoneSimulator = Ad-Hoc|iPhoneSimulator
		Ad-Hoc|x64 = Ad-Hoc|x64
		Ad-Hoc|x86 = Ad-Hoc|x86
		AppStore|Any CPU = AppStore|Any CPU
		AppStore|ARM = AppStore|ARM
		AppStore|iPhone = AppStore|iPhone
		AppStore|iPhoneSimulator = AppStore|iPhoneSimulator
		AppStore|x64 = AppStore|x64
		AppStore|x86 = AppStore|x86
		Debug|Any CPU = Debug|Any CPU
		Debug|ARM = Debug|ARM
		Debug|iPhone = Debug|iPhone
		Debug|iPhoneSimulator = Debug|iPhoneSimulator
		Debug|x64 = Debug|x64
		Debug|x86 = Debug|x86
		Release|Any CPU = Release|Any CPU
		Release|ARM = Release|ARM
		Release|iPhone = Release|iPhone
		Release|iPhoneSimulator = Release|iPhoneSimulator
		Release|x64 = Release|x64
		Release|x86 = Release|x86
	EndGlobalSection
	GlobalSection(ProjectConfigurationPlatforms) = postSolution
		{81FBC96F-CA10-4D03-B76A-C94E7A87F844}.Ad-Hoc|Any CPU.ActiveCfg = Release|Any CPU
		{81FBC96F-CA10-4D03-B76A-C94E7A87F844}.Ad-Hoc|Any CPU.Build.0 = Release|Any CPU
		{81FBC96F-CA10-4D03-B76A-C94E7A87F844}.Ad-Hoc|Any CPU.Deploy.0 = Release|Any CPU
		{81FBC96F-CA10-4D03-B76A-C94E7A87F844}.Ad-Hoc|ARM.ActiveCfg = Release|Any CPU
		{81FBC96F-CA10-4D03-B76A-C94E7A87F844}.Ad-Hoc|ARM.Build.0 = Release|Any CPU
		{81FBC96F-CA10-4D03-B76A-C94E7A87F844}.Ad-Hoc|ARM.Deploy.0 = Release|Any CPU
		{81FBC96F-CA10-4D03-B76A-C94E7A87F844}.Ad-Hoc|iPhone.ActiveCfg = Release|Any CPU
		{81FBC96F-CA10-4D03-B76A-C94E7A87F844}.Ad-Hoc|iPhone.Build.0 = Release|Any CPU
		{81FBC96F-CA10-4D03-B76A-C94E7A87F844}.Ad-Hoc|iPhone.Deploy.0 = Release|Any CPU
		{81FBC96F-CA10-4D03-B76A-C94E7A87F844}.Ad-Hoc|iPhoneSimulator.ActiveCfg = Release|Any CPU
		{81FBC96F-CA10-4D03-B76A-C94E7A87F844}.Ad-Hoc|iPhoneSimulator.Build.0 = Release|Any CPU
		{81FBC96F-CA10-4D03-B76A-C94E7A87F844}.Ad-Hoc|iPhoneSimulator.Deploy.0 = Release|Any CPU
		{81FBC96F-CA10-4D03-B76A-C94E7A87F844}.Ad-Hoc|x64.ActiveCfg = Release|Any CPU
		{81FBC96F-CA10-4D03-B76A-C94E7A87F844}.Ad-Hoc|x64.Build.0 = Release|Any CPU
		{81FBC96F-CA10-4D03-B76A-C94E7A87F844}.Ad-Hoc|x64.Deploy.0 = Release|Any CPU
		{81FBC96F-CA10-4D03-B76A-C94E7A87F844}.Ad-Hoc|x86.ActiveCfg = Release|Any CPU
		{81FBC96F-CA10-4D03-B76A-C94E7A87F844}.Ad-Hoc|x86.Build.0 = Release|Any CPU
		{81FBC96F-CA10-4D03-B76A-C94E7A87F844}.Ad-Hoc|x86.Deploy.0 = Release|Any CPU
		{81FBC96F-CA10-4D03-B76A-C94E7A87F844}.AppStore|Any CPU.ActiveCfg = Release|Any CPU
		{81FBC96F-CA10-4D03-B76A-C94E7A87F844}.AppStore|Any CPU.Build.0 = Release|Any CPU
		{81FBC96F-CA10-4D03-B76A-C94E7A87F844}.AppStore|Any CPU.Deploy.0 = Release|Any CPU
		{81FBC96F-CA10-4D03-B76A-C94E7A87F844}.AppStore|ARM.ActiveCfg = Release|Any CPU
		{81FBC96F-CA10-4D03-B76A-C94E7A87F844}.AppStore|ARM.Build.0 = Release|Any CPU
		{81FBC96F-CA10-4D03-B76A-C94E7A87F844}.AppStore|ARM.Deploy.0 = Release|Any CPU
		{81FBC96F-CA10-4D03-B76A-C94E7A87F844}.AppStore|iPhone.ActiveCfg = Release|Any CPU
		{81FBC96F-CA10-4D03-B76A-C94E7A87F844}.AppStore|iPhone.Build.0 = Release|Any CPU
		{81FBC96F-CA10-4D03-B76A-C94E7A87F844}.AppStore|iPhone.Deploy.0 = Release|Any CPU
		{81FBC96F-CA10-4D03-B76A-C94E7A87F844}.AppStore|iPhoneSimulator.ActiveCfg = Release|Any CPU
		{81FBC96F-CA10-4D03-B76A-C94E7A87F844}.AppStore|iPhoneSimulator.Build.0 = Release|Any CPU
		{81FBC96F-CA10-4D03-B76A-C94E7A87F844}.AppStore|iPhoneSimulator.Deploy.0 = Release|Any CPU
		{81FBC96F-CA10-4D03-B76A-C94E7A87F844}.AppStore|x64.ActiveCfg = Release|Any CPU
		{81FBC96F-CA10-4D03-B76A-C94E7A87F844}.AppStore|x64.Build.0 = Release|Any CPU
		{81FBC96F-CA10-4D03-B76A-C94E7A87F844}.AppStore|x64.Deploy.0 = Release|Any CPU
		{81FBC96F-CA10-4D03-B76A-C94E7A87F844}.AppStore|x86.ActiveCfg = Release|Any CPU
		{81FBC96F-CA10-4D03-B76A-C94E7A87F844}.AppStore|x86.Build.0 = Release|Any CPU
		{81FBC96F-CA10-4D03-B76A-C94E7A87F844}.AppStore|x86.Deploy.0 = Release|Any CPU
		{81FBC96F-CA10-4D03-B76A-C94E7A87F844}.Debug|Any CPU.ActiveCfg = Debug|Any CPU
		{81FBC96F-CA10-4D03-B76A-C94E7A87F844}.Debug|Any CPU.Build.0 = Debug|Any CPU
		{81FBC96F-CA10-4D03-B76A-C94E7A87F844}.Debug|Any CPU.Deploy.0 = Debug|Any CPU
		{81FBC96F-CA10-4D03-B76A-C94E7A87F844}.Debug|ARM.ActiveCfg = Debug|Any CPU
		{81FBC96F-CA10-4D03-B76A-C94E7A87F844}.Debug|ARM.Build.0 = Debug|Any CPU
		{81FBC96F-CA10-4D03-B76A-C94E7A87F844}.Debug|ARM.Deploy.0 = Debug|Any CPU
		{81FBC96F-CA10-4D03-B76A-C94E7A87F844}.Debug|iPhone.ActiveCfg = Debug|Any CPU
		{81FBC96F-CA10-4D03-B76A-C94E7A87F844}.Debug|iPhone.Build.0 = Debug|Any CPU
		{81FBC96F-CA10-4D03-B76A-C94E7A87F844}.Debug|iPhone.Deploy.0 = Debug|Any CPU
		{81FBC96F-CA10-4D03-B76A-C94E7A87F844}.Debug|iPhoneSimulator.ActiveCfg = Debug|Any CPU
		{81FBC96F-CA10-4D03-B76A-C94E7A87F844}.Debug|iPhoneSimulator.Build.0 = Debug|Any CPU
		{81FBC96F-CA10-4D03-B76A-C94E7A87F844}.Debug|iPhoneSimulator.Deploy.0 = Debug|Any CPU
		{81FBC96F-CA10-4D03-B76A-C94E7A87F844}.Debug|x64.ActiveCfg = Debug|Any CPU
		{81FBC96F-CA10-4D03-B76A-C94E7A87F844}.Debug|x64.Build.0 = Debug|Any CPU
		{81FBC96F-CA10-4D03-B76A-C94E7A87F844}.Debug|x64.Deploy.0 = Debug|Any CPU
		{81FBC96F-CA10-4D03-B76A-C94E7A87F844}.Debug|x86.ActiveCfg = Debug|Any CPU
		{81FBC96F-CA10-4D03-B76A-C94E7A87F844}.Debug|x86.Build.0 = Debug|Any CPU
		{81FBC96F-CA10-4D03-B76A-C94E7A87F844}.Debug|x86.Deploy.0 = Debug|Any CPU
		{81FBC96F-CA10-4D03-B76A-C94E7A87F844}.Release|Any CPU.ActiveCfg = Release|Any CPU
		{81FBC96F-CA10-4D03-B76A-C94E7A87F844}.Release|Any CPU.Build.0 = Release|Any CPU
		{81FBC96F-CA10-4D03-B76A-C94E7A87F844}.Release|Any CPU.Deploy.0 = Release|Any CPU
		{81FBC96F-CA10-4D03-B76A-C94E7A87F844}.Release|ARM.ActiveCfg = Release|Any CPU
		{81FBC96F-CA10-4D03-B76A-C94E7A87F844}.Release|ARM.Build.0 = Release|Any CPU
		{81FBC96F-CA10-4D03-B76A-C94E7A87F844}.Release|ARM.Deploy.0 = Release|Any CPU
		{81FBC96F-CA10-4D03-B76A-C94E7A87F844}.Release|iPhone.ActiveCfg = Release|Any CPU
		{81FBC96F-CA10-4D03-B76A-C94E7A87F844}.Release|iPhone.Build.0 = Release|Any CPU
		{81FBC96F-CA10-4D03-B76A-C94E7A87F844}.Release|iPhone.Deploy.0 = Release|Any CPU
		{81FBC96F-CA10-4D03-B76A-C94E7A87F844}.Release|iPhoneSimulator.ActiveCfg = Release|Any CPU
		{81FBC96F-CA10-4D03-B76A-C94E7A87F844}.Release|iPhoneSimulator.Build.0 = Release|Any CPU
		{81FBC96F-CA10-4D03-B76A-C94E7A87F844}.Release|iPhoneSimulator.Deploy.0 = Release|Any CPU
		{81FBC96F-CA10-4D03-B76A-C94E7A87F844}.Release|x64.ActiveCfg = Release|Any CPU
		{81FBC96F-CA10-4D03-B76A-C94E7A87F844}.Release|x64.Build.0 = Release|Any CPU
		{81FBC96F-CA10-4D03-B76A-C94E7A87F844}.Release|x64.Deploy.0 = Release|Any CPU
		{81FBC96F-CA10-4D03-B76A-C94E7A87F844}.Release|x86.ActiveCfg = Release|Any CPU
		{81FBC96F-CA10-4D03-B76A-C94E7A87F844}.Release|x86.Build.0 = Release|Any CPU
		{81FBC96F-CA10-4D03-B76A-C94E7A87F844}.Release|x86.Deploy.0 = Release|Any CPU
		{3834014E-65E6-4B5A-9792-4718E3E7DFD1}.Ad-Hoc|Any CPU.ActiveCfg = Ad-Hoc|iPhone
		{3834014E-65E6-4B5A-9792-4718E3E7DFD1}.Ad-Hoc|ARM.ActiveCfg = Ad-Hoc|iPhone
		{3834014E-65E6-4B5A-9792-4718E3E7DFD1}.Ad-Hoc|iPhone.ActiveCfg = Ad-Hoc|iPhone
		{3834014E-65E6-4B5A-9792-4718E3E7DFD1}.Ad-Hoc|iPhone.Build.0 = Ad-Hoc|iPhone
		{3834014E-65E6-4B5A-9792-4718E3E7DFD1}.Ad-Hoc|iPhoneSimulator.ActiveCfg = Ad-Hoc|iPhoneSimulator
		{3834014E-65E6-4B5A-9792-4718E3E7DFD1}.Ad-Hoc|iPhoneSimulator.Build.0 = Ad-Hoc|iPhoneSimulator
		{3834014E-65E6-4B5A-9792-4718E3E7DFD1}.Ad-Hoc|x64.ActiveCfg = Ad-Hoc|iPhone
		{3834014E-65E6-4B5A-9792-4718E3E7DFD1}.Ad-Hoc|x86.ActiveCfg = Ad-Hoc|iPhone
		{3834014E-65E6-4B5A-9792-4718E3E7DFD1}.AppStore|Any CPU.ActiveCfg = AppStore|iPhone
		{3834014E-65E6-4B5A-9792-4718E3E7DFD1}.AppStore|ARM.ActiveCfg = AppStore|iPhone
		{3834014E-65E6-4B5A-9792-4718E3E7DFD1}.AppStore|iPhone.ActiveCfg = AppStore|iPhone
		{3834014E-65E6-4B5A-9792-4718E3E7DFD1}.AppStore|iPhone.Build.0 = AppStore|iPhone
		{3834014E-65E6-4B5A-9792-4718E3E7DFD1}.AppStore|iPhoneSimulator.ActiveCfg = AppStore|iPhoneSimulator
		{3834014E-65E6-4B5A-9792-4718E3E7DFD1}.AppStore|iPhoneSimulator.Build.0 = AppStore|iPhoneSimulator
		{3834014E-65E6-4B5A-9792-4718E3E7DFD1}.AppStore|x64.ActiveCfg = AppStore|iPhone
		{3834014E-65E6-4B5A-9792-4718E3E7DFD1}.AppStore|x86.ActiveCfg = AppStore|iPhone
		{3834014E-65E6-4B5A-9792-4718E3E7DFD1}.Debug|Any CPU.ActiveCfg = Debug|iPhone
		{3834014E-65E6-4B5A-9792-4718E3E7DFD1}.Debug|ARM.ActiveCfg = Debug|iPhone
		{3834014E-65E6-4B5A-9792-4718E3E7DFD1}.Debug|iPhone.ActiveCfg = Debug|iPhone
		{3834014E-65E6-4B5A-9792-4718E3E7DFD1}.Debug|iPhone.Build.0 = Debug|iPhone
		{3834014E-65E6-4B5A-9792-4718E3E7DFD1}.Debug|iPhoneSimulator.ActiveCfg = Debug|iPhoneSimulator
		{3834014E-65E6-4B5A-9792-4718E3E7DFD1}.Debug|iPhoneSimulator.Build.0 = Debug|iPhoneSimulator
		{3834014E-65E6-4B5A-9792-4718E3E7DFD1}.Debug|x64.ActiveCfg = Debug|iPhone
		{3834014E-65E6-4B5A-9792-4718E3E7DFD1}.Debug|x86.ActiveCfg = Debug|iPhone
		{3834014E-65E6-4B5A-9792-4718E3E7DFD1}.Release|Any CPU.ActiveCfg = Release|iPhone
		{3834014E-65E6-4B5A-9792-4718E3E7DFD1}.Release|ARM.ActiveCfg = Release|iPhone
		{3834014E-65E6-4B5A-9792-4718E3E7DFD1}.Release|iPhone.ActiveCfg = Release|iPhone
		{3834014E-65E6-4B5A-9792-4718E3E7DFD1}.Release|iPhone.Build.0 = Release|iPhone
		{3834014E-65E6-4B5A-9792-4718E3E7DFD1}.Release|iPhoneSimulator.ActiveCfg = Release|iPhoneSimulator
		{3834014E-65E6-4B5A-9792-4718E3E7DFD1}.Release|iPhoneSimulator.Build.0 = Release|iPhoneSimulator
		{3834014E-65E6-4B5A-9792-4718E3E7DFD1}.Release|x64.ActiveCfg = Release|iPhone
		{3834014E-65E6-4B5A-9792-4718E3E7DFD1}.Release|x86.ActiveCfg = Release|iPhone
		{D752C30D-5472-46DE-8256-E959BFF373FD}.Ad-Hoc|Any CPU.ActiveCfg = Debug|Any CPU
		{D752C30D-5472-46DE-8256-E959BFF373FD}.Ad-Hoc|Any CPU.Build.0 = Debug|Any CPU
		{D752C30D-5472-46DE-8256-E959BFF373FD}.Ad-Hoc|ARM.ActiveCfg = Debug|Any CPU
		{D752C30D-5472-46DE-8256-E959BFF373FD}.Ad-Hoc|ARM.Build.0 = Debug|Any CPU
		{D752C30D-5472-46DE-8256-E959BFF373FD}.Ad-Hoc|iPhone.ActiveCfg = Debug|Any CPU
		{D752C30D-5472-46DE-8256-E959BFF373FD}.Ad-Hoc|iPhone.Build.0 = Debug|Any CPU
		{D752C30D-5472-46DE-8256-E959BFF373FD}.Ad-Hoc|iPhoneSimulator.ActiveCfg = Debug|Any CPU
		{D752C30D-5472-46DE-8256-E959BFF373FD}.Ad-Hoc|iPhoneSimulator.Build.0 = Debug|Any CPU
		{D752C30D-5472-46DE-8256-E959BFF373FD}.Ad-Hoc|x64.ActiveCfg = Debug|Any CPU
		{D752C30D-5472-46DE-8256-E959BFF373FD}.Ad-Hoc|x64.Build.0 = Debug|Any CPU
		{D752C30D-5472-46DE-8256-E959BFF373FD}.Ad-Hoc|x86.ActiveCfg = Debug|Any CPU
		{D752C30D-5472-46DE-8256-E959BFF373FD}.Ad-Hoc|x86.Build.0 = Debug|Any CPU
		{D752C30D-5472-46DE-8256-E959BFF373FD}.AppStore|Any CPU.ActiveCfg = Debug|Any CPU
		{D752C30D-5472-46DE-8256-E959BFF373FD}.AppStore|Any CPU.Build.0 = Debug|Any CPU
		{D752C30D-5472-46DE-8256-E959BFF373FD}.AppStore|ARM.ActiveCfg = Debug|Any CPU
		{D752C30D-5472-46DE-8256-E959BFF373FD}.AppStore|ARM.Build.0 = Debug|Any CPU
		{D752C30D-5472-46DE-8256-E959BFF373FD}.AppStore|iPhone.ActiveCfg = Debug|Any CPU
		{D752C30D-5472-46DE-8256-E959BFF373FD}.AppStore|iPhone.Build.0 = Debug|Any CPU
		{D752C30D-5472-46DE-8256-E959BFF373FD}.AppStore|iPhoneSimulator.ActiveCfg = Debug|Any CPU
		{D752C30D-5472-46DE-8256-E959BFF373FD}.AppStore|iPhoneSimulator.Build.0 = Debug|Any CPU
		{D752C30D-5472-46DE-8256-E959BFF373FD}.AppStore|x64.ActiveCfg = Debug|Any CPU
		{D752C30D-5472-46DE-8256-E959BFF373FD}.AppStore|x64.Build.0 = Debug|Any CPU
		{D752C30D-5472-46DE-8256-E959BFF373FD}.AppStore|x86.ActiveCfg = Debug|Any CPU
		{D752C30D-5472-46DE-8256-E959BFF373FD}.AppStore|x86.Build.0 = Debug|Any CPU
		{D752C30D-5472-46DE-8256-E959BFF373FD}.Debug|Any CPU.ActiveCfg = Debug|Any CPU
		{D752C30D-5472-46DE-8256-E959BFF373FD}.Debug|Any CPU.Build.0 = Debug|Any CPU
		{D752C30D-5472-46DE-8256-E959BFF373FD}.Debug|ARM.ActiveCfg = Debug|Any CPU
		{D752C30D-5472-46DE-8256-E959BFF373FD}.Debug|ARM.Build.0 = Debug|Any CPU
		{D752C30D-5472-46DE-8256-E959BFF373FD}.Debug|iPhone.ActiveCfg = Debug|Any CPU
		{D752C30D-5472-46DE-8256-E959BFF373FD}.Debug|iPhone.Build.0 = Debug|Any CPU
		{D752C30D-5472-46DE-8256-E959BFF373FD}.Debug|iPhoneSimulator.ActiveCfg = Debug|Any CPU
		{D752C30D-5472-46DE-8256-E959BFF373FD}.Debug|iPhoneSimulator.Build.0 = Debug|Any CPU
		{D752C30D-5472-46DE-8256-E959BFF373FD}.Debug|x64.ActiveCfg = Debug|Any CPU
		{D752C30D-5472-46DE-8256-E959BFF373FD}.Debug|x64.Build.0 = Debug|Any CPU
		{D752C30D-5472-46DE-8256-E959BFF373FD}.Debug|x86.ActiveCfg = Debug|Any CPU
		{D752C30D-5472-46DE-8256-E959BFF373FD}.Debug|x86.Build.0 = Debug|Any CPU
		{D752C30D-5472-46DE-8256-E959BFF373FD}.Release|Any CPU.ActiveCfg = Release|Any CPU
		{D752C30D-5472-46DE-8256-E959BFF373FD}.Release|Any CPU.Build.0 = Release|Any CPU
		{D752C30D-5472-46DE-8256-E959BFF373FD}.Release|ARM.ActiveCfg = Release|Any CPU
		{D752C30D-5472-46DE-8256-E959BFF373FD}.Release|ARM.Build.0 = Release|Any CPU
		{D752C30D-5472-46DE-8256-E959BFF373FD}.Release|iPhone.ActiveCfg = Release|Any CPU
		{D752C30D-5472-46DE-8256-E959BFF373FD}.Release|iPhone.Build.0 = Release|Any CPU
		{D752C30D-5472-46DE-8256-E959BFF373FD}.Release|iPhoneSimulator.ActiveCfg = Release|Any CPU
		{D752C30D-5472-46DE-8256-E959BFF373FD}.Release|iPhoneSimulator.Build.0 = Release|Any CPU
		{D752C30D-5472-46DE-8256-E959BFF373FD}.Release|x64.ActiveCfg = Release|Any CPU
		{D752C30D-5472-46DE-8256-E959BFF373FD}.Release|x64.Build.0 = Release|Any CPU
		{D752C30D-5472-46DE-8256-E959BFF373FD}.Release|x86.ActiveCfg = Release|Any CPU
		{D752C30D-5472-46DE-8256-E959BFF373FD}.Release|x86.Build.0 = Release|Any CPU
		{AA379A8A-9BA7-4755-A0B8-176F610C554C}.Ad-Hoc|Any CPU.ActiveCfg = Debug|Any CPU
		{AA379A8A-9BA7-4755-A0B8-176F610C554C}.Ad-Hoc|Any CPU.Build.0 = Debug|Any CPU
		{AA379A8A-9BA7-4755-A0B8-176F610C554C}.Ad-Hoc|ARM.ActiveCfg = Debug|Any CPU
		{AA379A8A-9BA7-4755-A0B8-176F610C554C}.Ad-Hoc|ARM.Build.0 = Debug|Any CPU
		{AA379A8A-9BA7-4755-A0B8-176F610C554C}.Ad-Hoc|iPhone.ActiveCfg = Debug|Any CPU
		{AA379A8A-9BA7-4755-A0B8-176F610C554C}.Ad-Hoc|iPhone.Build.0 = Debug|Any CPU
		{AA379A8A-9BA7-4755-A0B8-176F610C554C}.Ad-Hoc|iPhoneSimulator.ActiveCfg = Debug|Any CPU
		{AA379A8A-9BA7-4755-A0B8-176F610C554C}.Ad-Hoc|iPhoneSimulator.Build.0 = Debug|Any CPU
		{AA379A8A-9BA7-4755-A0B8-176F610C554C}.Ad-Hoc|x64.ActiveCfg = Debug|Any CPU
		{AA379A8A-9BA7-4755-A0B8-176F610C554C}.Ad-Hoc|x64.Build.0 = Debug|Any CPU
		{AA379A8A-9BA7-4755-A0B8-176F610C554C}.Ad-Hoc|x86.ActiveCfg = Debug|Any CPU
		{AA379A8A-9BA7-4755-A0B8-176F610C554C}.Ad-Hoc|x86.Build.0 = Debug|Any CPU
		{AA379A8A-9BA7-4755-A0B8-176F610C554C}.AppStore|Any CPU.ActiveCfg = Debug|Any CPU
		{AA379A8A-9BA7-4755-A0B8-176F610C554C}.AppStore|Any CPU.Build.0 = Debug|Any CPU
		{AA379A8A-9BA7-4755-A0B8-176F610C554C}.AppStore|ARM.ActiveCfg = Debug|Any CPU
		{AA379A8A-9BA7-4755-A0B8-176F610C554C}.AppStore|ARM.Build.0 = Debug|Any CPU
		{AA379A8A-9BA7-4755-A0B8-176F610C554C}.AppStore|iPhone.ActiveCfg = Debug|Any CPU
		{AA379A8A-9BA7-4755-A0B8-176F610C554C}.AppStore|iPhone.Build.0 = Debug|Any CPU
		{AA379A8A-9BA7-4755-A0B8-176F610C554C}.AppStore|iPhoneSimulator.ActiveCfg = Debug|Any CPU
		{AA379A8A-9BA7-4755-A0B8-176F610C554C}.AppStore|iPhoneSimulator.Build.0 = Debug|Any CPU
		{AA379A8A-9BA7-4755-A0B8-176F610C554C}.AppStore|x64.ActiveCfg = Debug|Any CPU
		{AA379A8A-9BA7-4755-A0B8-176F610C554C}.AppStore|x64.Build.0 = Debug|Any CPU
		{AA379A8A-9BA7-4755-A0B8-176F610C554C}.AppStore|x86.ActiveCfg = Debug|Any CPU
		{AA379A8A-9BA7-4755-A0B8-176F610C554C}.AppStore|x86.Build.0 = Debug|Any CPU
		{AA379A8A-9BA7-4755-A0B8-176F610C554C}.Debug|Any CPU.ActiveCfg = Debug|Any CPU
		{AA379A8A-9BA7-4755-A0B8-176F610C554C}.Debug|Any CPU.Build.0 = Debug|Any CPU
		{AA379A8A-9BA7-4755-A0B8-176F610C554C}.Debug|ARM.ActiveCfg = Debug|Any CPU
		{AA379A8A-9BA7-4755-A0B8-176F610C554C}.Debug|ARM.Build.0 = Debug|Any CPU
		{AA379A8A-9BA7-4755-A0B8-176F610C554C}.Debug|iPhone.ActiveCfg = Debug|Any CPU
		{AA379A8A-9BA7-4755-A0B8-176F610C554C}.Debug|iPhone.Build.0 = Debug|Any CPU
		{AA379A8A-9BA7-4755-A0B8-176F610C554C}.Debug|iPhoneSimulator.ActiveCfg = Debug|Any CPU
		{AA379A8A-9BA7-4755-A0B8-176F610C554C}.Debug|iPhoneSimulator.Build.0 = Debug|Any CPU
		{AA379A8A-9BA7-4755-A0B8-176F610C554C}.Debug|x64.ActiveCfg = Debug|Any CPU
		{AA379A8A-9BA7-4755-A0B8-176F610C554C}.Debug|x64.Build.0 = Debug|Any CPU
		{AA379A8A-9BA7-4755-A0B8-176F610C554C}.Debug|x86.ActiveCfg = Debug|Any CPU
		{AA379A8A-9BA7-4755-A0B8-176F610C554C}.Debug|x86.Build.0 = Debug|Any CPU
		{AA379A8A-9BA7-4755-A0B8-176F610C554C}.Release|Any CPU.ActiveCfg = Release|Any CPU
		{AA379A8A-9BA7-4755-A0B8-176F610C554C}.Release|Any CPU.Build.0 = Release|Any CPU
		{AA379A8A-9BA7-4755-A0B8-176F610C554C}.Release|ARM.ActiveCfg = Release|Any CPU
		{AA379A8A-9BA7-4755-A0B8-176F610C554C}.Release|ARM.Build.0 = Release|Any CPU
		{AA379A8A-9BA7-4755-A0B8-176F610C554C}.Release|iPhone.ActiveCfg = Release|Any CPU
		{AA379A8A-9BA7-4755-A0B8-176F610C554C}.Release|iPhone.Build.0 = Release|Any CPU
		{AA379A8A-9BA7-4755-A0B8-176F610C554C}.Release|iPhoneSimulator.ActiveCfg = Release|Any CPU
		{AA379A8A-9BA7-4755-A0B8-176F610C554C}.Release|iPhoneSimulator.Build.0 = Release|Any CPU
		{AA379A8A-9BA7-4755-A0B8-176F610C554C}.Release|x64.ActiveCfg = Release|Any CPU
		{AA379A8A-9BA7-4755-A0B8-176F610C554C}.Release|x64.Build.0 = Release|Any CPU
		{AA379A8A-9BA7-4755-A0B8-176F610C554C}.Release|x86.ActiveCfg = Release|Any CPU
		{AA379A8A-9BA7-4755-A0B8-176F610C554C}.Release|x86.Build.0 = Release|Any CPU
		{16DB1C69-3A29-4898-B732-958345D832F5}.Ad-Hoc|Any CPU.ActiveCfg = Debug|Any CPU
		{16DB1C69-3A29-4898-B732-958345D832F5}.Ad-Hoc|Any CPU.Build.0 = Debug|Any CPU
		{16DB1C69-3A29-4898-B732-958345D832F5}.Ad-Hoc|ARM.ActiveCfg = Debug|Any CPU
		{16DB1C69-3A29-4898-B732-958345D832F5}.Ad-Hoc|ARM.Build.0 = Debug|Any CPU
		{16DB1C69-3A29-4898-B732-958345D832F5}.Ad-Hoc|iPhone.ActiveCfg = Debug|Any CPU
		{16DB1C69-3A29-4898-B732-958345D832F5}.Ad-Hoc|iPhone.Build.0 = Debug|Any CPU
		{16DB1C69-3A29-4898-B732-958345D832F5}.Ad-Hoc|iPhoneSimulator.ActiveCfg = Debug|Any CPU
		{16DB1C69-3A29-4898-B732-958345D832F5}.Ad-Hoc|iPhoneSimulator.Build.0 = Debug|Any CPU
		{16DB1C69-3A29-4898-B732-958345D832F5}.Ad-Hoc|x64.ActiveCfg = Debug|Any CPU
		{16DB1C69-3A29-4898-B732-958345D832F5}.Ad-Hoc|x64.Build.0 = Debug|Any CPU
		{16DB1C69-3A29-4898-B732-958345D832F5}.Ad-Hoc|x86.ActiveCfg = Debug|Any CPU
		{16DB1C69-3A29-4898-B732-958345D832F5}.Ad-Hoc|x86.Build.0 = Debug|Any CPU
		{16DB1C69-3A29-4898-B732-958345D832F5}.AppStore|Any CPU.ActiveCfg = Debug|Any CPU
		{16DB1C69-3A29-4898-B732-958345D832F5}.AppStore|Any CPU.Build.0 = Debug|Any CPU
		{16DB1C69-3A29-4898-B732-958345D832F5}.AppStore|ARM.ActiveCfg = Debug|Any CPU
		{16DB1C69-3A29-4898-B732-958345D832F5}.AppStore|ARM.Build.0 = Debug|Any CPU
		{16DB1C69-3A29-4898-B732-958345D832F5}.AppStore|iPhone.ActiveCfg = Debug|Any CPU
		{16DB1C69-3A29-4898-B732-958345D832F5}.AppStore|iPhone.Build.0 = Debug|Any CPU
		{16DB1C69-3A29-4898-B732-958345D832F5}.AppStore|iPhoneSimulator.ActiveCfg = Debug|Any CPU
		{16DB1C69-3A29-4898-B732-958345D832F5}.AppStore|iPhoneSimulator.Build.0 = Debug|Any CPU
		{16DB1C69-3A29-4898-B732-958345D832F5}.AppStore|x64.ActiveCfg = Debug|Any CPU
		{16DB1C69-3A29-4898-B732-958345D832F5}.AppStore|x64.Build.0 = Debug|Any CPU
		{16DB1C69-3A29-4898-B732-958345D832F5}.AppStore|x86.ActiveCfg = Debug|Any CPU
		{16DB1C69-3A29-4898-B732-958345D832F5}.AppStore|x86.Build.0 = Debug|Any CPU
		{16DB1C69-3A29-4898-B732-958345D832F5}.Debug|Any CPU.ActiveCfg = Debug|Any CPU
		{16DB1C69-3A29-4898-B732-958345D832F5}.Debug|Any CPU.Build.0 = Debug|Any CPU
		{16DB1C69-3A29-4898-B732-958345D832F5}.Debug|ARM.ActiveCfg = Debug|Any CPU
		{16DB1C69-3A29-4898-B732-958345D832F5}.Debug|ARM.Build.0 = Debug|Any CPU
		{16DB1C69-3A29-4898-B732-958345D832F5}.Debug|iPhone.ActiveCfg = Debug|Any CPU
		{16DB1C69-3A29-4898-B732-958345D832F5}.Debug|iPhone.Build.0 = Debug|Any CPU
		{16DB1C69-3A29-4898-B732-958345D832F5}.Debug|iPhoneSimulator.ActiveCfg = Debug|Any CPU
		{16DB1C69-3A29-4898-B732-958345D832F5}.Debug|iPhoneSimulator.Build.0 = Debug|Any CPU
		{16DB1C69-3A29-4898-B732-958345D832F5}.Debug|x64.ActiveCfg = Debug|Any CPU
		{16DB1C69-3A29-4898-B732-958345D832F5}.Debug|x64.Build.0 = Debug|Any CPU
		{16DB1C69-3A29-4898-B732-958345D832F5}.Debug|x86.ActiveCfg = Debug|Any CPU
		{16DB1C69-3A29-4898-B732-958345D832F5}.Debug|x86.Build.0 = Debug|Any CPU
		{16DB1C69-3A29-4898-B732-958345D832F5}.Release|Any CPU.ActiveCfg = Release|Any CPU
		{16DB1C69-3A29-4898-B732-958345D832F5}.Release|Any CPU.Build.0 = Release|Any CPU
		{16DB1C69-3A29-4898-B732-958345D832F5}.Release|ARM.ActiveCfg = Release|Any CPU
		{16DB1C69-3A29-4898-B732-958345D832F5}.Release|ARM.Build.0 = Release|Any CPU
		{16DB1C69-3A29-4898-B732-958345D832F5}.Release|iPhone.ActiveCfg = Release|Any CPU
		{16DB1C69-3A29-4898-B732-958345D832F5}.Release|iPhone.Build.0 = Release|Any CPU
		{16DB1C69-3A29-4898-B732-958345D832F5}.Release|iPhoneSimulator.ActiveCfg = Release|Any CPU
		{16DB1C69-3A29-4898-B732-958345D832F5}.Release|iPhoneSimulator.Build.0 = Release|Any CPU
		{16DB1C69-3A29-4898-B732-958345D832F5}.Release|x64.ActiveCfg = Release|Any CPU
		{16DB1C69-3A29-4898-B732-958345D832F5}.Release|x64.Build.0 = Release|Any CPU
		{16DB1C69-3A29-4898-B732-958345D832F5}.Release|x86.ActiveCfg = Release|Any CPU
		{16DB1C69-3A29-4898-B732-958345D832F5}.Release|x86.Build.0 = Release|Any CPU
		{56A56F17-7DE1-4CA1-9617-BF32E971AC84}.Ad-Hoc|Any CPU.ActiveCfg = Release|Any CPU
		{56A56F17-7DE1-4CA1-9617-BF32E971AC84}.Ad-Hoc|Any CPU.Build.0 = Release|Any CPU
		{56A56F17-7DE1-4CA1-9617-BF32E971AC84}.Ad-Hoc|ARM.ActiveCfg = Release|Any CPU
		{56A56F17-7DE1-4CA1-9617-BF32E971AC84}.Ad-Hoc|ARM.Build.0 = Release|Any CPU
		{56A56F17-7DE1-4CA1-9617-BF32E971AC84}.Ad-Hoc|iPhone.ActiveCfg = Release|Any CPU
		{56A56F17-7DE1-4CA1-9617-BF32E971AC84}.Ad-Hoc|iPhone.Build.0 = Release|Any CPU
		{56A56F17-7DE1-4CA1-9617-BF32E971AC84}.Ad-Hoc|iPhoneSimulator.ActiveCfg = Release|Any CPU
		{56A56F17-7DE1-4CA1-9617-BF32E971AC84}.Ad-Hoc|iPhoneSimulator.Build.0 = Release|Any CPU
		{56A56F17-7DE1-4CA1-9617-BF32E971AC84}.Ad-Hoc|x64.ActiveCfg = Release|Any CPU
		{56A56F17-7DE1-4CA1-9617-BF32E971AC84}.Ad-Hoc|x64.Build.0 = Release|Any CPU
		{56A56F17-7DE1-4CA1-9617-BF32E971AC84}.Ad-Hoc|x86.ActiveCfg = Release|Any CPU
		{56A56F17-7DE1-4CA1-9617-BF32E971AC84}.Ad-Hoc|x86.Build.0 = Release|Any CPU
		{56A56F17-7DE1-4CA1-9617-BF32E971AC84}.AppStore|Any CPU.ActiveCfg = Release|Any CPU
		{56A56F17-7DE1-4CA1-9617-BF32E971AC84}.AppStore|Any CPU.Build.0 = Release|Any CPU
		{56A56F17-7DE1-4CA1-9617-BF32E971AC84}.AppStore|ARM.ActiveCfg = Release|Any CPU
		{56A56F17-7DE1-4CA1-9617-BF32E971AC84}.AppStore|ARM.Build.0 = Release|Any CPU
		{56A56F17-7DE1-4CA1-9617-BF32E971AC84}.AppStore|iPhone.ActiveCfg = Release|Any CPU
		{56A56F17-7DE1-4CA1-9617-BF32E971AC84}.AppStore|iPhone.Build.0 = Release|Any CPU
		{56A56F17-7DE1-4CA1-9617-BF32E971AC84}.AppStore|iPhoneSimulator.ActiveCfg = Release|Any CPU
		{56A56F17-7DE1-4CA1-9617-BF32E971AC84}.AppStore|iPhoneSimulator.Build.0 = Release|Any CPU
		{56A56F17-7DE1-4CA1-9617-BF32E971AC84}.AppStore|x64.ActiveCfg = Release|Any CPU
		{56A56F17-7DE1-4CA1-9617-BF32E971AC84}.AppStore|x64.Build.0 = Release|Any CPU
		{56A56F17-7DE1-4CA1-9617-BF32E971AC84}.AppStore|x86.ActiveCfg = Release|Any CPU
		{56A56F17-7DE1-4CA1-9617-BF32E971AC84}.AppStore|x86.Build.0 = Release|Any CPU
		{56A56F17-7DE1-4CA1-9617-BF32E971AC84}.Debug|Any CPU.ActiveCfg = Debug|Any CPU
		{56A56F17-7DE1-4CA1-9617-BF32E971AC84}.Debug|Any CPU.Build.0 = Debug|Any CPU
		{56A56F17-7DE1-4CA1-9617-BF32E971AC84}.Debug|ARM.ActiveCfg = Debug|Any CPU
		{56A56F17-7DE1-4CA1-9617-BF32E971AC84}.Debug|ARM.Build.0 = Debug|Any CPU
		{56A56F17-7DE1-4CA1-9617-BF32E971AC84}.Debug|iPhone.ActiveCfg = Debug|Any CPU
		{56A56F17-7DE1-4CA1-9617-BF32E971AC84}.Debug|iPhone.Build.0 = Debug|Any CPU
		{56A56F17-7DE1-4CA1-9617-BF32E971AC84}.Debug|iPhoneSimulator.ActiveCfg = Debug|Any CPU
		{56A56F17-7DE1-4CA1-9617-BF32E971AC84}.Debug|iPhoneSimulator.Build.0 = Debug|Any CPU
		{56A56F17-7DE1-4CA1-9617-BF32E971AC84}.Debug|x64.ActiveCfg = Debug|Any CPU
		{56A56F17-7DE1-4CA1-9617-BF32E971AC84}.Debug|x64.Build.0 = Debug|Any CPU
		{56A56F17-7DE1-4CA1-9617-BF32E971AC84}.Debug|x86.ActiveCfg = Debug|Any CPU
		{56A56F17-7DE1-4CA1-9617-BF32E971AC84}.Debug|x86.Build.0 = Debug|Any CPU
		{56A56F17-7DE1-4CA1-9617-BF32E971AC84}.Release|Any CPU.ActiveCfg = Release|Any CPU
		{56A56F17-7DE1-4CA1-9617-BF32E971AC84}.Release|Any CPU.Build.0 = Release|Any CPU
		{56A56F17-7DE1-4CA1-9617-BF32E971AC84}.Release|ARM.ActiveCfg = Release|Any CPU
		{56A56F17-7DE1-4CA1-9617-BF32E971AC84}.Release|ARM.Build.0 = Release|Any CPU
		{56A56F17-7DE1-4CA1-9617-BF32E971AC84}.Release|iPhone.ActiveCfg = Release|Any CPU
		{56A56F17-7DE1-4CA1-9617-BF32E971AC84}.Release|iPhone.Build.0 = Release|Any CPU
		{56A56F17-7DE1-4CA1-9617-BF32E971AC84}.Release|iPhoneSimulator.ActiveCfg = Release|Any CPU
		{56A56F17-7DE1-4CA1-9617-BF32E971AC84}.Release|iPhoneSimulator.Build.0 = Release|Any CPU
		{56A56F17-7DE1-4CA1-9617-BF32E971AC84}.Release|x64.ActiveCfg = Release|Any CPU
		{56A56F17-7DE1-4CA1-9617-BF32E971AC84}.Release|x64.Build.0 = Release|Any CPU
		{56A56F17-7DE1-4CA1-9617-BF32E971AC84}.Release|x86.ActiveCfg = Release|Any CPU
		{56A56F17-7DE1-4CA1-9617-BF32E971AC84}.Release|x86.Build.0 = Release|Any CPU
		{2882AEEB-D4CD-4EB9-8A6C-6653B33681F0}.Ad-Hoc|Any CPU.ActiveCfg = Release|Any CPU
		{2882AEEB-D4CD-4EB9-8A6C-6653B33681F0}.Ad-Hoc|Any CPU.Build.0 = Release|Any CPU
		{2882AEEB-D4CD-4EB9-8A6C-6653B33681F0}.Ad-Hoc|ARM.ActiveCfg = Release|Any CPU
		{2882AEEB-D4CD-4EB9-8A6C-6653B33681F0}.Ad-Hoc|ARM.Build.0 = Release|Any CPU
		{2882AEEB-D4CD-4EB9-8A6C-6653B33681F0}.Ad-Hoc|iPhone.ActiveCfg = Release|Any CPU
		{2882AEEB-D4CD-4EB9-8A6C-6653B33681F0}.Ad-Hoc|iPhone.Build.0 = Release|Any CPU
		{2882AEEB-D4CD-4EB9-8A6C-6653B33681F0}.Ad-Hoc|iPhoneSimulator.ActiveCfg = Release|Any CPU
		{2882AEEB-D4CD-4EB9-8A6C-6653B33681F0}.Ad-Hoc|iPhoneSimulator.Build.0 = Release|Any CPU
		{2882AEEB-D4CD-4EB9-8A6C-6653B33681F0}.Ad-Hoc|x64.ActiveCfg = Release|Any CPU
		{2882AEEB-D4CD-4EB9-8A6C-6653B33681F0}.Ad-Hoc|x64.Build.0 = Release|Any CPU
		{2882AEEB-D4CD-4EB9-8A6C-6653B33681F0}.Ad-Hoc|x86.ActiveCfg = Release|Any CPU
		{2882AEEB-D4CD-4EB9-8A6C-6653B33681F0}.Ad-Hoc|x86.Build.0 = Release|Any CPU
		{2882AEEB-D4CD-4EB9-8A6C-6653B33681F0}.AppStore|Any CPU.ActiveCfg = Release|Any CPU
		{2882AEEB-D4CD-4EB9-8A6C-6653B33681F0}.AppStore|Any CPU.Build.0 = Release|Any CPU
		{2882AEEB-D4CD-4EB9-8A6C-6653B33681F0}.AppStore|ARM.ActiveCfg = Release|Any CPU
		{2882AEEB-D4CD-4EB9-8A6C-6653B33681F0}.AppStore|ARM.Build.0 = Release|Any CPU
		{2882AEEB-D4CD-4EB9-8A6C-6653B33681F0}.AppStore|iPhone.ActiveCfg = Release|Any CPU
		{2882AEEB-D4CD-4EB9-8A6C-6653B33681F0}.AppStore|iPhone.Build.0 = Release|Any CPU
		{2882AEEB-D4CD-4EB9-8A6C-6653B33681F0}.AppStore|iPhoneSimulator.ActiveCfg = Release|Any CPU
		{2882AEEB-D4CD-4EB9-8A6C-6653B33681F0}.AppStore|iPhoneSimulator.Build.0 = Release|Any CPU
		{2882AEEB-D4CD-4EB9-8A6C-6653B33681F0}.AppStore|x64.ActiveCfg = Release|Any CPU
		{2882AEEB-D4CD-4EB9-8A6C-6653B33681F0}.AppStore|x64.Build.0 = Release|Any CPU
		{2882AEEB-D4CD-4EB9-8A6C-6653B33681F0}.AppStore|x86.ActiveCfg = Release|Any CPU
		{2882AEEB-D4CD-4EB9-8A6C-6653B33681F0}.AppStore|x86.Build.0 = Release|Any CPU
		{2882AEEB-D4CD-4EB9-8A6C-6653B33681F0}.Debug|Any CPU.ActiveCfg = Debug|Any CPU
		{2882AEEB-D4CD-4EB9-8A6C-6653B33681F0}.Debug|Any CPU.Build.0 = Debug|Any CPU
		{2882AEEB-D4CD-4EB9-8A6C-6653B33681F0}.Debug|ARM.ActiveCfg = Debug|Any CPU
		{2882AEEB-D4CD-4EB9-8A6C-6653B33681F0}.Debug|ARM.Build.0 = Debug|Any CPU
		{2882AEEB-D4CD-4EB9-8A6C-6653B33681F0}.Debug|iPhone.ActiveCfg = Debug|Any CPU
		{2882AEEB-D4CD-4EB9-8A6C-6653B33681F0}.Debug|iPhone.Build.0 = Debug|Any CPU
		{2882AEEB-D4CD-4EB9-8A6C-6653B33681F0}.Debug|iPhoneSimulator.ActiveCfg = Debug|Any CPU
		{2882AEEB-D4CD-4EB9-8A6C-6653B33681F0}.Debug|iPhoneSimulator.Build.0 = Debug|Any CPU
		{2882AEEB-D4CD-4EB9-8A6C-6653B33681F0}.Debug|x64.ActiveCfg = Debug|Any CPU
		{2882AEEB-D4CD-4EB9-8A6C-6653B33681F0}.Debug|x64.Build.0 = Debug|Any CPU
		{2882AEEB-D4CD-4EB9-8A6C-6653B33681F0}.Debug|x86.ActiveCfg = Debug|Any CPU
		{2882AEEB-D4CD-4EB9-8A6C-6653B33681F0}.Debug|x86.Build.0 = Debug|Any CPU
		{2882AEEB-D4CD-4EB9-8A6C-6653B33681F0}.Release|Any CPU.ActiveCfg = Release|Any CPU
		{2882AEEB-D4CD-4EB9-8A6C-6653B33681F0}.Release|Any CPU.Build.0 = Release|Any CPU
		{2882AEEB-D4CD-4EB9-8A6C-6653B33681F0}.Release|ARM.ActiveCfg = Release|Any CPU
		{2882AEEB-D4CD-4EB9-8A6C-6653B33681F0}.Release|ARM.Build.0 = Release|Any CPU
		{2882AEEB-D4CD-4EB9-8A6C-6653B33681F0}.Release|iPhone.ActiveCfg = Release|Any CPU
		{2882AEEB-D4CD-4EB9-8A6C-6653B33681F0}.Release|iPhone.Build.0 = Release|Any CPU
		{2882AEEB-D4CD-4EB9-8A6C-6653B33681F0}.Release|iPhoneSimulator.ActiveCfg = Release|Any CPU
		{2882AEEB-D4CD-4EB9-8A6C-6653B33681F0}.Release|iPhoneSimulator.Build.0 = Release|Any CPU
		{2882AEEB-D4CD-4EB9-8A6C-6653B33681F0}.Release|x64.ActiveCfg = Release|Any CPU
		{2882AEEB-D4CD-4EB9-8A6C-6653B33681F0}.Release|x64.Build.0 = Release|Any CPU
		{2882AEEB-D4CD-4EB9-8A6C-6653B33681F0}.Release|x86.ActiveCfg = Release|Any CPU
		{2882AEEB-D4CD-4EB9-8A6C-6653B33681F0}.Release|x86.Build.0 = Release|Any CPU
	EndGlobalSection
	GlobalSection(SolutionProperties) = preSolution
		HideSolutionNode = FALSE
	EndGlobalSection
	GlobalSection(NestedProjects) = preSolution
		{AA379A8A-9BA7-4755-A0B8-176F610C554C} = {9B057716-68A1-432E-B3A6-C0EFF9BA80E3}
		{16DB1C69-3A29-4898-B732-958345D832F5} = {9B057716-68A1-432E-B3A6-C0EFF9BA80E3}
		{56A56F17-7DE1-4CA1-9617-BF32E971AC84} = {9B057716-68A1-432E-B3A6-C0EFF9BA80E3}
		{2882AEEB-D4CD-4EB9-8A6C-6653B33681F0} = {9B057716-68A1-432E-B3A6-C0EFF9BA80E3}
		{F5E12F00-CDC7-4AB9-8BCE-E0CE94981773} = {9B057716-68A1-432E-B3A6-C0EFF9BA80E3}
	EndGlobalSection
	GlobalSection(ExtensibilityGlobals) = postSolution
		SolutionGuid = {21D9A243-8674-4C13-BB6E-7B4FB45478BA}
	EndGlobalSection
EndGlobal
